
Microsoft Visual Studio Solution File, Format Version 12.00
# Visual Studio 15
VisualStudioVersion = 15.0.28010.2050
MinimumVisualStudioVersion = 10.0.40219.1
Project("{FAE04EC0-301F-11D3-BF4B-00C04F79EFBC}") = "CompoundInterestCalculator", "CompoundInterestCalculator\CompoundInterestCalculator.csproj", "{FDA175A6-D7F5-4855-9E4F-B3C46D5ED556}"
EndProject
Global
	GlobalSection(SolutionConfigurationPlatforms) = preSolution
		Debug|Any CPU = Debug|Any CPU
		Release|Any CPU = Release|Any CPU
	EndGlobalSection
	GlobalSection(ProjectConfigurationPlatforms) = postSolution
		{FDA175A6-D7F5-4855-9E4F-B3C46D5ED556}.Debug|Any CPU.ActiveCfg = Debug|Any CPU
		{FDA175A6-D7F5-4855-9E4F-B3C46D5ED556}.Debug|Any CPU.Build.0 = Debug|Any CPU
		{FDA175A6-D7F5-4855-9E4F-B3C46D5ED556}.Release|Any CPU.ActiveCfg = Release|Any CPU
		{FDA175A6-D7F5-4855-9E4F-B3C46D5ED556}.Release|Any CPU.Build.0 = Release|Any CPU
	EndGlobalSection
	GlobalSection(SolutionProperties) = preSolution
		HideSolutionNode = FALSE
	EndGlobalSection
	GlobalSection(ExtensibilityGlobals) = postSolution
		SolutionGuid = {ED6DC7C8-4E0B-49CC-AEF1-62C9CD68C895}
	EndGlobalSection
EndGlobal
